
Microsoft Visual Studio Solution File, Format Version 12.00
# Visual Studio Version 16
VisualStudioVersion = 16.0.29306.81
MinimumVisualStudioVersion = 10.0.40219.1
Project("{FAE04EC0-301F-11D3-BF4B-00C04F79EFBC}") = "LibraryMvcApp", "LibraryMvcApp\LibraryMvcApp.csproj", "{04AEBA34-E995-4853-8ED2-262FA5302178}"
EndProject
Project("{FAE04EC0-301F-11D3-BF4B-00C04F79EFBC}") = "LibraryMvcApp.Tests", "LibraryMvcApp.Tests\LibraryMvcApp.Tests.csproj", "{658AFB02-3AA9-4A63-857B-39B9AB85C8ED}"
EndProject
Global
	GlobalSection(SolutionConfigurationPlatforms) = preSolution
		Debug|Any CPU = Debug|Any CPU
		Release|Any CPU = Release|Any CPU
	EndGlobalSection
	GlobalSection(ProjectConfigurationPlatforms) = postSolution
		{04AEBA34-E995-4853-8ED2-262FA5302178}.Debug|Any CPU.ActiveCfg = Debug|Any CPU
		{04AEBA34-E995-4853-8ED2-262FA5302178}.Debug|Any CPU.Build.0 = Debug|Any CPU
		{04AEBA34-E995-4853-8ED2-262FA5302178}.Release|Any CPU.ActiveCfg = Release|Any CPU
		{04AEBA34-E995-4853-8ED2-262FA5302178}.Release|Any CPU.Build.0 = Release|Any CPU
		{658AFB02-3AA9-4A63-857B-39B9AB85C8ED}.Debug|Any CPU.ActiveCfg = Debug|Any CPU
		{658AFB02-3AA9-4A63-857B-39B9AB85C8ED}.Debug|Any CPU.Build.0 = Debug|Any CPU
		{658AFB02-3AA9-4A63-857B-39B9AB85C8ED}.Release|Any CPU.ActiveCfg = Release|Any CPU
		{658AFB02-3AA9-4A63-857B-39B9AB85C8ED}.Release|Any CPU.Build.0 = Release|Any CPU
	EndGlobalSection
	GlobalSection(SolutionProperties) = preSolution
		HideSolutionNode = FALSE
	EndGlobalSection
	GlobalSection(ExtensibilityGlobals) = postSolution
		SolutionGuid = {01531608-E540-4E79-817A-8DDDD7C4B7EB}
	EndGlobalSection
EndGlobal
